
Microsoft Visual Studio Solution File, Format Version 12.00
# Visual Studio Version 17
VisualStudioVersion = 17.6.33829.357
MinimumVisualStudioVersion = 10.0.40219.1
Project("{FAE04EC0-301F-11D3-BF4B-00C04F79EFBC}") = "CirclesLab", "CirclesLab\CirclesLab.csproj", "{48D9F46D-59FE-4E75-B0A1-C89EF45908AA}"
EndProject
Global
	GlobalSection(SolutionConfigurationPlatforms) = preSolution
		Debug|Any CPU = Debug|Any CPU
		Release|Any CPU = Release|Any CPU
	EndGlobalSection
	GlobalSection(ProjectConfigurationPlatforms) = postSolution
		{48D9F46D-59FE-4E75-B0A1-C89EF45908AA}.Debug|Any CPU.ActiveCfg = Debug|Any CPU
		{48D9F46D-59FE-4E75-B0A1-C89EF45908AA}.Debug|Any CPU.Build.0 = Debug|Any CPU
		{48D9F46D-59FE-4E75-B0A1-C89EF45908AA}.Release|Any CPU.ActiveCfg = Release|Any CPU
		{48D9F46D-59FE-4E75-B0A1-C89EF45908AA}.Release|Any CPU.Build.0 = Release|Any CPU
	EndGlobalSection
	GlobalSection(SolutionProperties) = preSolution
		HideSolutionNode = FALSE
	EndGlobalSection
	GlobalSection(ExtensibilityGlobals) = postSolution
		SolutionGuid = {8768A916-BDA5-4C0C-8AF3-ED1EDCD0CDD5}
	EndGlobalSection
EndGlobal
